PODS:
  - Flutter (1.0.0)
  - QCloudCore (5.5.2)
  - QCloudCOSXML (5.5.2):
    - QCloudCore (= 5.5.2)
    - QCloudCOSXML/Transfer (= 5.5.2)
  - QCloudCOSXML/Transfer (5.5.2):
    - QCloudCore (= 5.5.2)
  - tencent_cos (0.0.1):
    - Flutter
    - QCloudCOSXML

DEPENDENCIES:
  - Flutter (from `.symlinks/flutter/ios`)
  - tencent_cos (from `.symlinks/plugins/tencent_cos/ios`)

SPEC REPOS:
  https://github.com/cocoapods/specs.git:
    - QCloudCore
    - QCloudCOSXML

EXTERNAL SOURCES:
  Flutter:
    :path: ".symlinks/flutter/ios"
  tencent_cos:
    :path: ".symlinks/plugins/tencent_cos/ios"

SPEC CHECKSUMS:
  Flutter: 9d0fac939486c9aba2809b7982dfdbb47a7b0296
  QCloudCore: b91a762d280f0a80cc6f537fd186ac43a4a3025e
  QCloudCOSXML: a30ab17f45b0cbbcbb218a3677298498e8748a22
  tencent_cos: 93850300f1cba6abd94456a65d85401c6f154e77

PODFILE CHECKSUM: aff02bfeed411c636180d6812254b2daeea14d09

COCOAPODS: 1.5.3
